
Microsoft Visual Studio Solution File, Format Version 12.00
# Visual Studio Version 17
VisualStudioVersion = 17.4.33213.308
MinimumVisualStudioVersion = 10.0.40219.1
Project("{FAE04EC0-301F-11D3-BF4B-00C04F79EFBC}") = "CSIConference", "CSIConference\CSIConference.csproj", "{52648E8B-3ACA-4BD1-8EA2-49041B888351}"
EndProject
Global
	GlobalSection(SolutionConfigurationPlatforms) = preSolution
		Debug|Any CPU = Debug|Any CPU
		Release|Any CPU = Release|Any CPU
	EndGlobalSection
	GlobalSection(ProjectConfigurationPlatforms) = postSolution
		{52648E8B-3ACA-4BD1-8EA2-49041B888351}.Debug|Any CPU.ActiveCfg = Debug|Any CPU
		{52648E8B-3ACA-4BD1-8EA2-49041B888351}.Debug|Any CPU.Build.0 = Debug|Any CPU
		{52648E8B-3ACA-4BD1-8EA2-49041B888351}.Release|Any CPU.ActiveCfg = Release|Any CPU
		{52648E8B-3ACA-4BD1-8EA2-49041B888351}.Release|Any CPU.Build.0 = Release|Any CPU
	EndGlobalSection
	GlobalSection(SolutionProperties) = preSolution
		HideSolutionNode = FALSE
	EndGlobalSection
	GlobalSection(ExtensibilityGlobals) = postSolution
		SolutionGuid = {4C66EBF0-BA3E-4DD3-A786-692C108CBB6A}
	EndGlobalSection
EndGlobal
